<?xml version="1.0" encoding="utf-8"?>
<Project ToolsVersion="4.0" xmlns="http://schemas.microsoft.com/developer/msbuild/2003">
  <ItemGroup>
    <Filter Include="main">
      <UniqueIdentifier>{28915b89-e58b-4d76-bf19-857e843bbd2a}</UniqueIdentifier>
    </Filter>
    <Filter Include="DynamicStack">
      <UniqueIdentifier>{d4b9939c-15e2-4b5a-b2a1-7237d6e3ffd3}</UniqueIdentifier>
    </Filter>
  </ItemGroup>
  <ItemGroup>
    <ClCompile Include="main.cpp">
      <Filter>main</Filter>
    </ClCompile>
    <ClCompile Include="DynamicStack.cpp">
      <Filter>DynamicStack</Filter>
    </ClCompile>
  </ItemGroup>
  <ItemGroup>
    <ClInclude Include="DynamicStack.h">
      <Filter>DynamicStack</Filter>
    </ClInclude>
  </ItemGroup>
</Project>